
Microsoft Visual Studio Solution File, Format Version 12.00
# Visual Studio 15
VisualStudioVersion = 15.0.28307.168
MinimumVisualStudioVersion = 10.0.40219.1
Project("{FAE04EC0-301F-11D3-BF4B-00C04F79EFBC}") = "ConsoleApp1", "ConsoleApp1\ConsoleApp1.csproj", "{95FB1021-1471-436B-B515-8E9797CA1E8C}"
EndProject
Project("{FAE04EC0-301F-11D3-BF4B-00C04F79EFBC}") = "UnitTestProject1", "UnitTestProject1\UnitTestProject1.csproj", "{924E685E-6A4B-4DD5-BCC5-192468A4B1E1}"
EndProject
Project("{9A19103F-16F7-4668-BE54-9A1E7A4F7556}") = "WebApplicationCore", "WebApplicationCore\WebApplicationCore.csproj", "{D4A5446D-6A18-4A84-A5AB-46764393D1E4}"
EndProject
Project("{FAE04EC0-301F-11D3-BF4B-00C04F79EFBC}") = "Inheritance", "Inheritance\Inheritance.csproj", "{50365E4F-0C43-4A7F-9140-321927058507}"
EndProject
Project("{FAE04EC0-301F-11D3-BF4B-00C04F79EFBC}") = "Generic With Indexers 2.2.6", "Generic\Generic With Indexers 2.2.6.csproj", "{A2B432FE-97FF-4482-A24E-B3DF19E0116F}"
EndProject
Global
	GlobalSection(SolutionConfigurationPlatforms) = preSolution
		Debug|Any CPU = Debug|Any CPU
		Release|Any CPU = Release|Any CPU
	EndGlobalSection
	GlobalSection(ProjectConfigurationPlatforms) = postSolution
		{95FB1021-1471-436B-B515-8E9797CA1E8C}.Debug|Any CPU.ActiveCfg = Debug|Any CPU
		{95FB1021-1471-436B-B515-8E9797CA1E8C}.Debug|Any CPU.Build.0 = Debug|Any CPU
		{95FB1021-1471-436B-B515-8E9797CA1E8C}.Release|Any CPU.ActiveCfg = Release|Any CPU
		{95FB1021-1471-436B-B515-8E9797CA1E8C}.Release|Any CPU.Build.0 = Release|Any CPU
		{924E685E-6A4B-4DD5-BCC5-192468A4B1E1}.Debug|Any CPU.ActiveCfg = Debug|Any CPU
		{924E685E-6A4B-4DD5-BCC5-192468A4B1E1}.Debug|Any CPU.Build.0 = Debug|Any CPU
		{924E685E-6A4B-4DD5-BCC5-192468A4B1E1}.Release|Any CPU.ActiveCfg = Release|Any CPU
		{924E685E-6A4B-4DD5-BCC5-192468A4B1E1}.Release|Any CPU.Build.0 = Release|Any CPU
		{D4A5446D-6A18-4A84-A5AB-46764393D1E4}.Debug|Any CPU.ActiveCfg = Debug|Any CPU
		{D4A5446D-6A18-4A84-A5AB-46764393D1E4}.Debug|Any CPU.Build.0 = Debug|Any CPU
		{D4A5446D-6A18-4A84-A5AB-46764393D1E4}.Release|Any CPU.ActiveCfg = Release|Any CPU
		{D4A5446D-6A18-4A84-A5AB-46764393D1E4}.Release|Any CPU.Build.0 = Release|Any CPU
		{50365E4F-0C43-4A7F-9140-321927058507}.Debug|Any CPU.ActiveCfg = Debug|Any CPU
		{50365E4F-0C43-4A7F-9140-321927058507}.Debug|Any CPU.Build.0 = Debug|Any CPU
		{50365E4F-0C43-4A7F-9140-321927058507}.Release|Any CPU.ActiveCfg = Release|Any CPU
		{50365E4F-0C43-4A7F-9140-321927058507}.Release|Any CPU.Build.0 = Release|Any CPU
		{A2B432FE-97FF-4482-A24E-B3DF19E0116F}.Debug|Any CPU.ActiveCfg = Debug|Any CPU
		{A2B432FE-97FF-4482-A24E-B3DF19E0116F}.Debug|Any CPU.Build.0 = Debug|Any CPU
		{A2B432FE-97FF-4482-A24E-B3DF19E0116F}.Release|Any CPU.ActiveCfg = Release|Any CPU
		{A2B432FE-97FF-4482-A24E-B3DF19E0116F}.Release|Any CPU.Build.0 = Release|Any CPU
	EndGlobalSection
	GlobalSection(SolutionProperties) = preSolution
		HideSolutionNode = FALSE
	EndGlobalSection
	GlobalSection(ExtensibilityGlobals) = postSolution
		SolutionGuid = {5A28B270-BA9F-4A21-9A54-C68CB66A57BF}
	EndGlobalSection
EndGlobal
